<?xml version="1.0" encoding="utf-8"?>
<Project ToolsVersion="4.0" xmlns="http://schemas.microsoft.com/developer/msbuild/2003">
  <ItemGroup>
    <Filter Include="源文件">
      <UniqueIdentifier>{4FC737F1-C7A5-4376-A066-2A32D752A2FF}</UniqueIdentifier>
      <Extensions>cpp;c;cc;cxx;def;odl;idl;hpj;bat;asm;asmx</Extensions>
    </Filter>
    <Filter Include="头文件">
      <UniqueIdentifier>{93995380-89BD-4b04-88EB-625FBE52EBFB}</UniqueIdentifier>
      <Extensions>h;hh;hpp;hxx;hm;inl;inc;ipp;xsd</Extensions>
    </Filter>
    <Filter Include="资源文件">
      <UniqueIdentifier>{67DA6AB6-F800-4c08-8B7A-83BB121AAD01}</UniqueIdentifier>
      <Extensions>rc;ico;cur;bmp;dlg;rc2;rct;bin;rgs;gif;jpg;jpeg;jpe;resx;tiff;tif;png;wav;mfcribbon-ms</Extensions>
    </Filter>
    <Filter Include="头文件\brep">
      <UniqueIdentifier>{aeb6f8ab-9beb-42e8-9d8d-1ac02be8c443}</UniqueIdentifier>
    </Filter>
    <Filter Include="头文件\brep\geometry">
      <UniqueIdentifier>{dafe0cd8-f567-4efd-b78e-1ad00d8008b4}</UniqueIdentifier>
    </Filter>
    <Filter Include="头文件\brep\topological">
      <UniqueIdentifier>{eb8f16d2-67f6-4165-adbd-4bbd758d089a}</UniqueIdentifier>
    </Filter>
    <Filter Include="源文件\brep">
      <UniqueIdentifier>{b82f63bd-3079-49fa-a24c-dfa6b1877a7d}</UniqueIdentifier>
    </Filter>
    <Filter Include="源文件\brep\geometry">
      <UniqueIdentifier>{cca749d3-1104-4f67-a86c-664dffc3537c}</UniqueIdentifier>
    </Filter>
    <Filter Include="源文件\brep\topological">
      <UniqueIdentifier>{d90a8983-4fc8-4311-a85c-1ba568c5ffe9}</UniqueIdentifier>
    </Filter>
  </ItemGroup>
  <ItemGroup>
    <ClInclude Include="pch.h">
      <Filter>头文件</Filter>
    </ClInclude>
    <ClInclude Include="CPoint.h">
      <Filter>头文件\brep\geometry</Filter>
    </ClInclude>
    <ClInclude Include="CCurve.h">
      <Filter>头文件\brep\geometry</Filter>
    </ClInclude>
    <ClInclude Include="CVertex.h">
      <Filter>头文件\brep\topological</Filter>
    </ClInclude>
    <ClInclude Include="CEdge.h">
      <Filter>头文件\brep\topological</Filter>
    </ClInclude>
    <ClInclude Include="CLoop.h">
      <Filter>头文件\brep\topological</Filter>
    </ClInclude>
    <ClInclude Include="CShell.h">
      <Filter>头文件\brep\topological</Filter>
    </ClInclude>
    <ClInclude Include="CSurface.h">
      <Filter>头文件\brep\geometry</Filter>
    </ClInclude>
    <ClInclude Include="CLoopEdgeLink.h">
      <Filter>头文件\brep\topological</Filter>
    </ClInclude>
    <ClInclude Include="CFace.h">
      <Filter>头文件\brep\topological</Filter>
    </ClInclude>
    <ClInclude Include="CObject.h">
      <Filter>头文件\brep\topological</Filter>
    </ClInclude>
    <ClInclude Include="CSpace.h">
      <Filter>头文件\brep\geometry</Filter>
    </ClInclude>
    <ClInclude Include="CInstance.h">
      <Filter>头文件\brep\geometry</Filter>
    </ClInclude>
    <ClInclude Include="topologyTool.h">
      <Filter>头文件\brep\topological</Filter>
    </ClInclude>
  </ItemGroup>
  <ItemGroup>
    <ClCompile Include="pch.cpp">
      <Filter>源文件</Filter>
    </ClCompile>
    <ClCompile Include="AlphaModeller.cpp">
      <Filter>源文件</Filter>
    </ClCompile>
    <ClCompile Include="CPoint.cpp">
      <Filter>源文件\brep\geometry</Filter>
    </ClCompile>
    <ClCompile Include="CCurve.cpp">
      <Filter>源文件\brep\geometry</Filter>
    </ClCompile>
    <ClCompile Include="CVertex.cpp">
      <Filter>源文件\brep\topological</Filter>
    </ClCompile>
    <ClCompile Include="CLoop.cpp">
      <Filter>源文件\brep\topological</Filter>
    </ClCompile>
    <ClCompile Include="CEdge.cpp">
      <Filter>源文件\brep\topological</Filter>
    </ClCompile>
    <ClCompile Include="CShell.cpp">
      <Filter>源文件\brep\topological</Filter>
    </ClCompile>
    <ClCompile Include="CSurface.cpp">
      <Filter>源文件\brep\geometry</Filter>
    </ClCompile>
    <ClCompile Include="CObject.cpp">
      <Filter>源文件\brep\topological</Filter>
    </ClCompile>
    <ClCompile Include="CSpace.cpp">
      <Filter>源文件\brep\geometry</Filter>
    </ClCompile>
    <ClCompile Include="CFace.cpp">
      <Filter>源文件\brep\topological</Filter>
    </ClCompile>
    <ClCompile Include="CLoopEdgeLink.cpp">
      <Filter>源文件\brep\topological</Filter>
    </ClCompile>
    <ClCompile Include="CInstance.cpp">
      <Filter>源文件\brep\geometry</Filter>
    </ClCompile>
    <ClCompile Include="topologyTool.cpp">
      <Filter>源文件\brep\topological</Filter>
    </ClCompile>
  </ItemGroup>
</Project>